
Microsoft Visual Studio Solution File, Format Version 12.00
# Visual Studio Version 17
VisualStudioVersion = 17.10.35013.160
MinimumVisualStudioVersion = 10.0.40219.1
Project("{FAE04EC0-301F-11D3-BF4B-00C04F79EFBC}") = "Flashcard", "Flashcard.csproj", "{05A098E4-C868-4565-9DE2-EA47725DCF33}"
EndProject
Project("{2150E333-8FDC-42A3-9474-1A3956D46DE8}") = "Solution Items", "Solution Items", "{185A16CB-1ED6-4029-B7FE-F0FE22A4165E}"
	ProjectSection(SolutionItems) = preProject
		SqlQuery_1.sql = SqlQuery_1.sql
	EndProjectSection
EndProject
Global
	GlobalSection(SolutionConfigurationPlatforms) = preSolution
		Debug|Any CPU = Debug|Any CPU
		Release|Any CPU = Release|Any CPU
	EndGlobalSection
	GlobalSection(ProjectConfigurationPlatforms) = postSolution
		{05A098E4-C868-4565-9DE2-EA47725DCF33}.Debug|Any CPU.ActiveCfg = Debug|Any CPU
		{05A098E4-C868-4565-9DE2-EA47725DCF33}.Debug|Any CPU.Build.0 = Debug|Any CPU
		{05A098E4-C868-4565-9DE2-EA47725DCF33}.Release|Any CPU.ActiveCfg = Release|Any CPU
		{05A098E4-C868-4565-9DE2-EA47725DCF33}.Release|Any CPU.Build.0 = Release|Any CPU
	EndGlobalSection
	GlobalSection(SolutionProperties) = preSolution
		HideSolutionNode = FALSE
	EndGlobalSection
	GlobalSection(ExtensibilityGlobals) = postSolution
		SolutionGuid = {738C5855-8463-404E-8B96-FC05D4F2030D}
	EndGlobalSection
EndGlobal
